
Microsoft Visual Studio Solution File, Format Version 12.00
# Visual Studio Version 16
VisualStudioVersion = 16.0.32106.194
MinimumVisualStudioVersion = 10.0.40219.1
Project("{FAE04EC0-301F-11D3-BF4B-00C04F79EFBC}") = "WPF.Task13", "WPF.Task13\WPF.Task13.csproj", "{9C267B9B-C533-4844-8021-FFCFFCDC98E7}"
EndProject
Global
	GlobalSection(SolutionConfigurationPlatforms) = preSolution
		Debug|Any CPU = Debug|Any CPU
		Release|Any CPU = Release|Any CPU
	EndGlobalSection
	GlobalSection(ProjectConfigurationPlatforms) = postSolution
		{9C267B9B-C533-4844-8021-FFCFFCDC98E7}.Debug|Any CPU.ActiveCfg = Debug|Any CPU
		{9C267B9B-C533-4844-8021-FFCFFCDC98E7}.Debug|Any CPU.Build.0 = Debug|Any CPU
		{9C267B9B-C533-4844-8021-FFCFFCDC98E7}.Release|Any CPU.ActiveCfg = Release|Any CPU
		{9C267B9B-C533-4844-8021-FFCFFCDC98E7}.Release|Any CPU.Build.0 = Release|Any CPU
	EndGlobalSection
	GlobalSection(SolutionProperties) = preSolution
		HideSolutionNode = FALSE
	EndGlobalSection
	GlobalSection(ExtensibilityGlobals) = postSolution
		SolutionGuid = {F35FAA8A-3946-42D6-9C93-E76AC6462AE1}
	EndGlobalSection
EndGlobal
